// !$*UTF8*$!
{
	archiveVersion = 1;
	classes = {
	};
	objectVersion = 46;
	objects = {

/* Begin PBXBuildFile section */
		2A62D6301C8874DF0064F523 /* AppDelegate.swift in Sources */ = {isa = PBXBuildFile; fileRef = 2A62D62F1C8874DF0064F523 /* AppDelegate.swift */; };
		2A62D6321C8874DF0064F523 /* ViewController.swift in Sources */ = {isa = PBXBuildFile; fileRef = 2A62D6311C8874DF0064F523 /* ViewController.swift */; };
		2A62D6351C8874DF0064F523 /* Main.storyboard in Resources */ = {isa = PBXBuildFile; fileRef = 2A62D6331C8874DF0064F523 /* Main.storyboard */; };
		2A62D6381C8874DF0064F523 /* HitList.xcdatamodeld in Sources */ = {isa = PBXBuildFile; fileRef = 2A62D6361C8874DF0064F523 /* HitList.xcdatamodeld */; };
		2A62D63A1C8874DF0064F523 /* Assets.xcassets in Resources */ = {isa = PBXBuildFile; fileRef = 2A62D6391C8874DF0064F523 /* Assets.xcassets */; };
		2A62D63D1C8874DF0064F523 /* LaunchScreen.storyboard in Resources */ = {isa = PBXBuildFile; fileRef = 2A62D63B1C8874DF0064F523 /* LaunchScreen.storyboard */; };
		2A62D6481C8874E00064F523 /* HitListTests.swift in Sources */ = {isa = PBXBuildFile; fileRef = 2A62D6471C8874E00064F523 /* HitListTests.swift */; };
		2A62D6531C8874E00064F523 /* HitListUITests.swift in Sources */ = {isa = PBXBuildFile; fileRef = 2A62D6521C8874E00064F523 /* HitListUITests.swift */; };
/* End PBXBuildFile section */

/* Begin PBXContainerItemProxy section */
		2A62D6441C8874E00064F523 /* PBXContainerItemProxy */ = {
			isa = PBXContainerItemProxy;
			containerPortal = 2A62D6241C8874DF0064F523 /* Project object */;
			proxyType = 1;
			remoteGlobalIDString = 2A62D62B1C8874DF0064F523;
			remoteInfo = HitList;
		};
		2A62D64F1C8874E00064F523 /* PBXContainerItemProxy */ = {
			isa = PBXContainerItemProxy;
			containerPortal = 2A62D6241C8874DF0064F523 /* Project object */;
			proxyType = 1;
			remoteGlobalIDString = 2A62D62B1C8874DF0064F523;
			remoteInfo = HitList;
		};
/* End PBXContainerItemProxy section */

/* Begin PBXFileReference section */
		2A62D62C1C8874DF0064F523 /* HitList.app */ = {isa = PBXFileReference; explicitFileType = wrapper.application; includeInIndex = 0; path = HitList.app; sourceTree = BUILT_PRODUCTS_DIR; };
		2A62D62F1C8874DF0064F523 /* AppDelegate.swift */ = {isa = PBXFileReference; lastKnownFileType = sourcecode.swift; path = AppDelegate.swift; sourceTree = "<group>"; };
		2A62D6311C8874DF0064F523 /* ViewController.swift */ = {isa = PBXFileReference; lastKnownFileType = sourcecode.swift; path = ViewController.swift; sourceTree = "<group>"; };
		2A62D6341C8874DF0064F523 /* Base */ = {isa = PBXFileReference; lastKnownFileType = file.storyboard; name = Base; path = Base.lproj/Main.storyboard; sourceTree = "<group>"; };
		2A62D6371C8874DF0064F523 /* HitList.xcdatamodel */ = {isa = PBXFileReference; lastKnownFileType = wrapper.xcdatamodel; path = HitList.xcdatamodel; sourceTree = "<group>"; };
		2A62D6391C8874DF0064F523 /* Assets.xcassets */ = {isa = PBXFileReference; lastKnownFileType = folder.assetcatalog; path = Assets.xcassets; sourceTree = "<group>"; };
		2A62D63C1C8874DF0064F523 /* Base */ = {isa = PBXFileReference; lastKnownFileType = file.storyboard; name = Base; path = Base.lproj/LaunchScreen.storyboard; sourceTree = "<group>"; };
		2A62D63E1C8874DF0064F523 /* Info.plist */ = {isa = PBXFileReference; lastKnownFileType = text.plist.xml; path = Info.plist; sourceTree = "<group>"; };
		2A62D6431C8874DF0064F523 /* HitListTests.xctest */ = {isa = PBXFileReference; explicitFileType = wrapper.cfbundle; includeInIndex = 0; path = HitListTests.xctest; sourceTree = BUILT_PRODUCTS_DIR; };
		2A62D6471C8874E00064F523 /* HitListTests.swift */ = {isa = PBXFileReference; lastKnownFileType = sourcecode.swift; path = HitListTests.swift; sourceTree = "<group>"; };
		2A62D6491C8874E00064F523 /* Info.plist */ = {isa = PBXFileReference; lastKnownFileType = text.plist.xml; path = Info.plist; sourceTree = "<group>"; };
		2A62D64E1C8874E00064F523 /* HitListUITests.xctest */ = {isa = PBXFileReference; explicitFileType = wrapper.cfbundle; includeInIndex = 0; path = HitListUITests.xctest; sourceTree = BUILT_PRODUCTS_DIR; };
		2A62D6521C8874E00064F523 /* HitListUITests.swift */ = {isa = PBXFileReference; lastKnownFileType = sourcecode.swift; path = HitListUITests.swift; sourceTree = "<group>"; };
		2A62D6541C8874E00064F523 /* Info.plist */ = {isa = PBXFileReference; lastKnownFileType = text.plist.xml; path = Info.plist; sourceTree = "<group>"; };
/* End PBXFileReference section */

/* Begin PBXFrameworksBuildPhase section */
		2A62D6291C8874DF0064F523 /* Frameworks */ = {
			isa = PBXFrameworksBuildPhase;
			buildActionMask = 2147483647;
			files = (
			);
			runOnlyForDeploymentPostprocessing = 0;
		};
		2A62D6401C8874DF0064F523 /* Frameworks */ = {
			isa = PBXFrameworksBuildPhase;
			buildActionMask = 2147483647;
			files = (
			);
			runOnlyForDeploymentPostprocessing = 0;
		};
		2A62D64B1C8874E00064F523 /* Frameworks */ = {
			isa = PBXFrameworksBuildPhase;
			buildActionMask = 2147483647;
			files = (
			);
			runOnlyForDeploymentPostprocessing = 0;
		};
/* End PBXFrameworksBuildPhase section */

/* Begin PBXGroup section */
		2A62D6231C8874DF0064F523 = {
			isa = PBXGroup;
			children = (
				2A62D62E1C8874DF0064F523 /* HitList */,
				2A62D6461C8874E00064F523 /* HitListTests */,
				2A62D6511C8874E00064F523 /* HitListUITests */,
				2A62D62D1C8874DF0064F523 /* Products */,
			);
			sourceTree = "<group>";
		};
		2A62D62D1C8874DF0064F523 /* Products */ = {
			isa = PBXGroup;
			children = (
				2A62D62C1C8874DF0064F523 /* HitList.app */,
				2A62D6431C8874DF0064F523 /* HitListTests.xctest */,
				2A62D64E1C8874E00064F523 /* HitListUITests.xctest */,
			);
			name = Products;
			sourceTree = "<group>";
		};
		2A62D62E1C8874DF0064F523 /* HitList */ = {
			isa = PBXGroup;
			children = (
				2A62D62F1C8874DF0064F523 /* AppDelegate.swift */,
				2A62D6311C8874DF0064F523 /* ViewController.swift */,
				2A62D6331C8874DF0064F523 /* Main.storyboard */,
				2A62D6391C8874DF0064F523 /* Assets.xcassets */,
				2A62D63B1C8874DF0064F523 /* LaunchScreen.storyboard */,
				2A62D63E1C8874DF0064F523 /* Info.plist */,
				2A62D6361C8874DF0064F523 /* HitList.xcdatamodeld */,
			);
			path = HitList;
			sourceTree = "<group>";
		};
		2A62D6461C8874E00064F523 /* HitListTests */ = {
			isa = PBXGroup;
			children = (
				2A62D6471C8874E00064F523 /* HitListTests.swift */,
				2A62D6491C8874E00064F523 /* Info.plist */,
			);
			path = HitListTests;
			sourceTree = "<group>";
		};
		2A62D6511C8874E00064F523 /* HitListUITests */ = {
			isa = PBXGroup;
			children = (
				2A62D6521C8874E00064F523 /* HitListUITests.swift */,
				2A62D6541C8874E00064F523 /* Info.plist */,
			);
			path = HitListUITests;
			sourceTree = "<group>";
		};
/* End PBXGroup section */

/* Begin PBXNativeTarget section */
		2A62D62B1C8874DF0064F523 /* HitList */ = {
			isa = PBXNativeTarget;
			buildConfigurationList = 2A62D6571C8874E00064F523 /* Build configuration list for PBXNativeTarget "HitList" */;
			buildPhases = (
				2A62D6281C8874DF0064F523 /* Sources */,
				2A62D6291C8874DF0064F523 /* Frameworks */,
				2A62D62A1C8874DF0064F523 /* Resources */,
			);
			buildRules = (
			);
			dependencies = (
			);
			name = HitList;
			productName = HitList;
			productReference = 2A62D62C1C8874DF0064F523 /* HitList.app */;
			productType = "com.apple.product-type.application";
		};
		2A62D6421C8874DF0064F523 /* HitListTests */ = {
			isa = PBXNativeTarget;
			buildConfigurationList = 2A62D65A1C8874E00064F523 /* Build configuration list for PBXNativeTarget "HitListTests" */;
			buildPhases = (
				2A62D63F1C8874DF0064F523 /* Sources */,
				2A62D6401C8874DF0064F523 /* Frameworks */,
				2A62D6411C8874DF0064F523 /* Resources */,
			);
			buildRules = (
			);
			dependencies = (
				2A62D6451C8874E00064F523 /* PBXTargetDependency */,
			);
			name = HitListTests;
			productName = HitListTests;
			productReference = 2A62D6431C8874DF0064F523 /* HitListTests.xctest */;
			productType = "com.apple.product-type.bundle.unit-test";
		};
		2A62D64D1C8874E00064F523 /* HitListUITests */ = {
			isa = PBXNativeTarget;
			buildConfigurationList = 2A62D65D1C8874E00064F523 /* Build configuration list for PBXNativeTarget "HitListUITests" */;
			buildPhases = (
				2A62D64A1C8874E00064F523 /* Sources */,
				2A62D64B1C8874E00064F523 /* Frameworks */,
				2A62D64C1C8874E00064F523 /* Resources */,
			);
			buildRules = (
			);
			dependencies = (
				2A62D6501C8874E00064F523 /* PBXTargetDependency */,
			);
			name = HitListUITests;
			productName = HitListUITests;
			productReference = 2A62D64E1C8874E00064F523 /* HitListUITests.xctest */;
			productType = "com.apple.product-type.bundle.ui-testing";
		};
/* End PBXNativeTarget section */

/* Begin PBXProject section */
		2A62D6241C8874DF0064F523 /* Project object */ = {
			isa = PBXProject;
			attributes = {
				LastSwiftUpdateCheck = 0720;
				LastUpgradeCheck = 0720;
				ORGANIZATIONNAME = PerryChen;
				TargetAttributes = {
					2A62D62B1C8874DF0064F523 = {
						CreatedOnToolsVersion = 7.2.1;
						DevelopmentTeam = FP2HMA6Z72;
					};
					2A62D6421C8874DF0064F523 = {
						CreatedOnToolsVersion = 7.2.1;
						DevelopmentTeam = FP2HMA6Z72;
						TestTargetID = 2A62D62B1C8874DF0064F523;
					};
					2A62D64D1C8874E00064F523 = {
						CreatedOnToolsVersion = 7.2.1;
						DevelopmentTeam = FP2HMA6Z72;
						TestTargetID = 2A62D62B1C8874DF0064F523;
					};
				};
			};
			buildConfigurationList = 2A62D6271C8874DF0064F523 /* Build configuration list for PBXProject "HitList" */;
			compatibilityVersion = "Xcode 3.2";
			developmentRegion = English;
			hasScannedForEncodings = 0;
			knownRegions = (
				en,
				Base,
			);
			mainGroup = 2A62D6231C8874DF0064F523;
			productRefGroup = 2A62D62D1C8874DF0064F523 /* Products */;
			projectDirPath = "";
			projectRoot = "";
			targets = (
				2A62D62B1C8874DF0064F523 /* HitList */,
				2A62D6421C8874DF0064F523 /* HitListTests */,
				2A62D64D1C8874E00064F523 /* HitListUITests */,
			);
		};
/* End PBXProject section */

/* Begin PBXResourcesBuildPhase section */
		2A62D62A1C8874DF0064F523 /* Resources */ = {
			isa = PBXResourcesBuildPhase;
			buildActionMask = 2147483647;
			files = (
				2A62D63D1C8874DF0064F523 /* LaunchScreen.storyboard in Resources */,
				2A62D63A1C8874DF0064F523 /* Assets.xcassets in Resources */,
				2A62D6351C8874DF0064F523 /* Main.storyboard in Resources */,
			);
			runOnlyForDeploymentPostprocessing = 0;
		};
		2A62D6411C8874DF0064F523 /* Resources */ = {
			isa = PBXResourcesBuildPhase;
			buildActionMask = 2147483647;
			files = (
			);
			runOnlyForDeploymentPostprocessing = 0;
		};
		2A62D64C1C8874E00064F523 /* Resources */ = {
			isa = PBXResourcesBuildPhase;
			buildActionMask = 2147483647;
			files = (
			);
			runOnlyForDeploymentPostprocessing = 0;
		};
/* End PBXResourcesBuildPhase section */

/* Begin PBXSourcesBuildPhase section */
		2A62D6281C8874DF0064F523 /* Sources */ = {
			isa = PBXSourcesBuildPhase;
			buildActionMask = 2147483647;
			files = (
				2A62D6381C8874DF0064F523 /* HitList.xcdatamodeld in Sources */,
				2A62D6321C8874DF0064F523 /* ViewController.swift in Sources */,
				2A62D6301C8874DF0064F523 /* AppDelegate.swift in Sources */,
			);
			runOnlyForDeploymentPostprocessing = 0;
		};
		2A62D63F1C8874DF0064F523 /* Sources */ = {
			isa = PBXSourcesBuildPhase;
			buildActionMask = 2147483647;
			files = (
				2A62D6481C8874E00064F523 /* HitListTests.swift in Sources */,
			);
			runOnlyForDeploymentPostprocessing = 0;
		};
		2A62D64A1C8874E00064F523 /* Sources */ = {
			isa = PBXSourcesBuildPhase;
			buildActionMask = 2147483647;
			files = (
				2A62D6531C8874E00064F523 /* HitListUITests.swift in Sources */,
			);
			runOnlyForDeploymentPostprocessing = 0;
		};
/* End PBXSourcesBuildPhase section */

/* Begin PBXTargetDependency section */
		2A62D6451C8874E00064F523 /* PBXTargetDependency */ = {
			isa = PBXTargetDependency;
			target = 2A62D62B1C8874DF0064F523 /* HitList */;
			targetProxy = 2A62D6441C8874E00064F523 /* PBXContainerItemProxy */;
		};
		2A62D6501C8874E00064F523 /* PBXTargetDependency */ = {
			isa = PBXTargetDependency;
			target = 2A62D62B1C8874DF0064F523 /* HitList */;
			targetProxy = 2A62D64F1C8874E00064F523 /* PBXContainerItemProxy */;
		};
/* End PBXTargetDependency section */

/* Begin PBXVariantGroup section */
		2A62D6331C8874DF0064F523 /* Main.storyboard */ = {
			isa = PBXVariantGroup;
			children = (
				2A62D6341C8874DF0064F523 /* Base */,
			);
			name = Main.storyboard;
			sourceTree = "<group>";
		};
		2A62D63B1C8874DF0064F523 /* LaunchScreen.storyboard */ = {
			isa = PBXVariantGroup;
			children = (
				2A62D63C1C8874DF0064F523 /* Base */,
			);
			name = LaunchScreen.storyboard;
			sourceTree = "<group>";
		};
/* End PBXVariantGroup section */

/* Begin XCBuildConfiguration section */
		2A62D6551C8874E00064F523 /* Debug */ = {
			isa = XCBuildConfiguration;
			buildSettings = {
				ALWAYS_SEARCH_USER_PATHS = NO;
				CLANG_CXX_LANGUAGE_STANDARD = "gnu++0x";
				CLANG_CXX_LIBRARY = "libc++";
				CLANG_ENABLE_MODULES = YES;
				CLANG_ENABLE_OBJC_ARC = YES;
				CLANG_WARN_BOOL_CONVERSION = YES;
				CLANG_WARN_CONSTANT_CONVERSION = YES;
				CLANG_WARN_DIRECT_OBJC_ISA_USAGE = YES_ERROR;
				CLANG_WARN_EMPTY_BODY = YES;
				CLANG_WARN_ENUM_CONVERSION = YES;
				CLANG_WARN_INT_CONVERSION = YES;
				CLANG_WARN_OBJC_ROOT_CLASS = YES_ERROR;
				CLANG_WARN_UNREACHABLE_CODE = YES;
				CLANG_WARN__DUPLICATE_METHOD_MATCH = YES;
				"CODE_SIGN_IDENTITY[sdk=iphoneos*]" = "iPhone Developer";
				COPY_PHASE_STRIP = NO;
				DEBUG_INFORMATION_FORMAT = dwarf;
				ENABLE_STRICT_OBJC_MSGSEND = YES;
				ENABLE_TESTABILITY = YES;
				GCC_C_LANGUAGE_STANDARD = gnu99;
				GCC_DYNAMIC_NO_PIC = NO;
				GCC_NO_COMMON_BLOCKS = YES;
				GCC_OPTIMIZATION_LEVEL = 0;
				GCC_PREPROCESSOR_DEFINITIONS = (
					"DEBUG=1",
					"$(inherited)",
				);
				GCC_WARN_64_TO_32_BIT_CONVERSION = YES;
				GCC_WARN_ABOUT_RETURN_TYPE = YES_ERROR;
				GCC_WARN_UNDECLARED_SELECTOR = YES;
				GCC_WARN_UNINITIALIZED_AUTOS = YES_AGGRESSIVE;
				GCC_WARN_UNUSED_FUNCTION = YES;
				GCC_WARN_UNUSED_VARIABLE = YES;
				IPHONEOS_DEPLOYMENT_TARGET = 9.2;
				MTL_ENABLE_DEBUG_INFO = YES;
				ONLY_ACTIVE_ARCH = YES;
				SDKROOT = iphoneos;
				SWIFT_OPTIMIZATION_LEVEL = "-Onone";
			};
			name = Debug;
		};
		2A62D6561C8874E00064F523 /* Release */ = {
			isa = XCBuildConfiguration;
			buildSettings = {
				ALWAYS_SEARCH_USER_PATHS = NO;
				CLANG_CXX_LANGUAGE_STANDARD = "gnu++0x";
				CLANG_CXX_LIBRARY = "libc++";
				CLANG_ENABLE_MODULES = YES;
				CLANG_ENABLE_OBJC_ARC = YES;
				CLANG_WARN_BOOL_CONVERSION = YES;
				CLANG_WARN_CONSTANT_CONVERSION = YES;
				CLANG_WARN_DIRECT_OBJC_ISA_USAGE = YES_ERROR;
				CLANG_WARN_EMPTY_BODY = YES;
				CLANG_WARN_ENUM_CONVERSION = YES;
				CLANG_WARN_INT_CONVERSION = YES;
				CLANG_WARN_OBJC_ROOT_CLASS = YES_ERROR;
				CLANG_WARN_UNREACHABLE_CODE = YES;
				CLANG_WARN__DUPLICATE_METHOD_MATCH = YES;
				"CODE_SIGN_IDENTITY[sdk=iphoneos*]" = "iPhone Developer";
				COPY_PHASE_STRIP = NO;
				DEBUG_INFORMATION_FORMAT = "dwarf-with-dsym";
				ENABLE_NS_ASSERTIONS = NO;
				ENABLE_STRICT_OBJC_MSGSEND = YES;
				GCC_C_LANGUAGE_STANDARD = gnu99;
				GCC_NO_COMMON_BLOCKS = YES;
				GCC_WARN_64_TO_32_BIT_CONVERSION = YES;
				GCC_WARN_ABOUT_RETURN_TYPE = YES_ERROR;
				GCC_WARN_UNDECLARED_SELECTOR = YES;
				GCC_WARN_UNINITIALIZED_AUTOS = YES_AGGRESSIVE;
				GCC_WARN_UNUSED_FUNCTION = YES;
				GCC_WARN_UNUSED_VARIABLE = YES;
				IPHONEOS_DEPLOYMENT_TARGET = 9.2;
				MTL_ENABLE_DEBUG_INFO = NO;
				SDKROOT = iphoneos;
				VALIDATE_PRODUCT = YES;
			};
			name = Release;
		};
		2A62D6581C8874E00064F523 /* Debug */ = {
			isa = XCBuildConfiguration;
			buildSettings = {
				ASSETCATALOG_COMPILER_APPICON_NAME = AppIcon;
				INFOPLIST_FILE = HitList/Info.plist;
				LD_RUNPATH_SEARCH_PATHS = "$(inherited) @executable_path/Frameworks";
				PRODUCT_BUNDLE_IDENTIFIER = com.perry.HitList;
				PRODUCT_NAME = "$(TARGET_NAME)";
			};
			name = Debug;
		};
		2A62D6591C8874E00064F523 /* Release */ = {
			isa = XCBuildConfiguration;
			buildSettings = {
				ASSETCATALOG_COMPILER_APPICON_NAME = AppIcon;
				INFOPLIST_FILE = HitList/Info.plist;
				LD_RUNPATH_SEARCH_PATHS = "$(inherited) @executable_path/Frameworks";
				PRODUCT_BUNDLE_IDENTIFIER = com.perry.HitList;
				PRODUCT_NAME = "$(TARGET_NAME)";
			};
			name = Release;
		};
		2A62D65B1C8874E00064F523 /* Debug */ = {
			isa = XCBuildConfiguration;
			buildSettings = {
				BUNDLE_LOADER = "$(TEST_HOST)";
				INFOPLIST_FILE = HitListTests/Info.plist;
				LD_RUNPATH_SEARCH_PATHS = "$(inherited) @executable_path/Frameworks @loader_path/Frameworks";
				PRODUCT_BUNDLE_IDENTIFIER = com.perry.HitListTests;
				PRODUCT_NAME = "$(TARGET_NAME)";
				TEST_HOST = "$(BUILT_PRODUCTS_DIR)/HitList.app/HitList";
			};
			name = Debug;
		};
		2A62D65C1C8874E00064F523 /* Release */ = {
			isa = XCBuildConfiguration;
			buildSettings = {
				BUNDLE_LOADER = "$(TEST_HOST)";
				INFOPLIST_FILE = HitListTests/Info.plist;
				LD_RUNPATH_SEARCH_PATHS = "$(inherited) @executable_path/Frameworks @loader_path/Frameworks";
				PRODUCT_BUNDLE_IDENTIFIER = com.perry.HitListTests;
				PRODUCT_NAME = "$(TARGET_NAME)";
				TEST_HOST = "$(BUILT_PRODUCTS_DIR)/HitList.app/HitList";
			};
			name = Release;
		};
		2A62D65E1C8874E00064F523 /* Debug */ = {
			isa = XCBuildConfiguration;
			buildSettings = {
				INFOPLIST_FILE = HitListUITests/Info.plist;
				LD_RUNPATH_SEARCH_PATHS = "$(inherited) @executable_path/Frameworks @loader_path/Frameworks";
				PRODUCT_BUNDLE_IDENTIFIER = com.perry.HitListUITests;
				PRODUCT_NAME = "$(TARGET_NAME)";
				TEST_TARGET_NAME = HitList;
				USES_XCTRUNNER = YES;
			};
			name = Debug;
		};
		2A62D65F1C8874E00064F523 /* Release */ = {
			isa = XCBuildConfiguration;
			buildSettings = {
				INFOPLIST_FILE = HitListUITests/Info.plist;
				LD_RUNPATH_SEARCH_PATHS = "$(inherited) @executable_path/Frameworks @loader_path/Frameworks";
				PRODUCT_BUNDLE_IDENTIFIER = com.perry.HitListUITests;
				PRODUCT_NAME = "$(TARGET_NAME)";
				TEST_TARGET_NAME = HitList;
				USES_XCTRUNNER = YES;
			};
			name = Release;
		};
/* End XCBuildConfiguration section */

/* Begin XCConfigurationList section */
		2A62D6271C8874DF0064F523 /* Build configuration list for PBXProject "HitList" */ = {
			isa = XCConfigurationList;
			buildConfigurations = (
				2A62D6551C8874E00064F523 /* Debug */,
				2A62D6561C8874E00064F523 /* Release */,
			);
			defaultConfigurationIsVisible = 0;
			defaultConfigurationName = Release;
		};
		2A62D6571C8874E00064F523 /* Build configuration list for PBXNativeTarget "HitList" */ = {
			isa = XCConfigurationList;
			buildConfigurations = (
				2A62D6581C8874E00064F523 /* Debug */,
				2A62D6591C8874E00064F523 /* Release */,
			);
			defaultConfigurationIsVisible = 0;
		};
		2A62D65A1C8874E00064F523 /* Build configuration list for PBXNativeTarget "HitListTests" */ = {
			isa = XCConfigurationList;
			buildConfigurations = (
				2A62D65B1C8874E00064F523 /* Debug */,
				2A62D65C1C8874E00064F523 /* Release */,
			);
			defaultConfigurationIsVisible = 0;
		};
		2A62D65D1C8874E00064F523 /* Build configuration list for PBXNativeTarget "HitListUITests" */ = {
			isa = XCConfigurationList;
			buildConfigurations = (
				2A62D65E1C8874E00064F523 /* Debug */,
				2A62D65F1C8874E00064F523 /* Release */,
			);
			defaultConfigurationIsVisible = 0;
		};
/* End XCConfigurationList section */

/* Begin XCVersionGroup section */
		2A62D6361C8874DF0064F523 /* HitList.xcdatamodeld */ = {
			isa = XCVersionGroup;
			children = (
				2A62D6371C8874DF0064F523 /* HitList.xcdatamodel */,
			);
			currentVersion = 2A62D6371C8874DF0064F523 /* HitList.xcdatamodel */;
			path = HitList.xcdatamodeld;
			sourceTree = "<group>";
			versionGroupType = wrapper.xcdatamodel;
		};
/* End XCVersionGroup section */
	};
	rootObject = 2A62D6241C8874DF0064F523 /* Project object */;
}
